
Microsoft Visual Studio Solution File, Format Version 12.00
# Visual Studio 15
VisualStudioVersion = 15.0.28307.271
MinimumVisualStudioVersion = 10.0.40219.1
Project("{FAE04EC0-301F-11D3-BF4B-00C04F79EFBC}") = "Six.Wx.Api", "Six.Wx.Api\Six.Wx.Api.csproj", "{61367BE8-AFBE-4E6F-952C-168E6B258986}"
EndProject
Project("{FAE04EC0-301F-11D3-BF4B-00C04F79EFBC}") = "Six.Wx.IRepositoy", "Six.Wx.IRepositoy\Six.Wx.IRepositoy.csproj", "{15AF843C-2776-4681-9D9C-8F8F2E78D517}"
EndProject
Project("{FAE04EC0-301F-11D3-BF4B-00C04F79EFBC}") = "Six.Wx.Repositoy", "Six.Wx.Repositoy\Six.Wx.Repositoy.csproj", "{67BC37F9-39DC-4555-ADC0-65198605EFE0}"
EndProject
Project("{FAE04EC0-301F-11D3-BF4B-00C04F79EFBC}") = "Six.Wx.Model", "Six.Wx.Model\Six.Wx.Model.csproj", "{8937C8C5-12E3-4246-951F-D22B24941F2A}"
EndProject
Project("{FAE04EC0-301F-11D3-BF4B-00C04F79EFBC}") = "Six.Wx.Common", "Six.Wx.Common\Six.Wx.Common.csproj", "{6C09094D-7CCA-4DCF-A258-1BB07BF2D1C4}"
EndProject
Global
	GlobalSection(SolutionConfigurationPlatforms) = preSolution
		Debug|Any CPU = Debug|Any CPU
		Release|Any CPU = Release|Any CPU
	EndGlobalSection
	GlobalSection(ProjectConfigurationPlatforms) = postSolution
		{61367BE8-AFBE-4E6F-952C-168E6B258986}.Debug|Any CPU.ActiveCfg = Debug|Any CPU
		{61367BE8-AFBE-4E6F-952C-168E6B258986}.Debug|Any CPU.Build.0 = Debug|Any CPU
		{61367BE8-AFBE-4E6F-952C-168E6B258986}.Release|Any CPU.ActiveCfg = Release|Any CPU
		{61367BE8-AFBE-4E6F-952C-168E6B258986}.Release|Any CPU.Build.0 = Release|Any CPU
		{15AF843C-2776-4681-9D9C-8F8F2E78D517}.Debug|Any CPU.ActiveCfg = Debug|Any CPU
		{15AF843C-2776-4681-9D9C-8F8F2E78D517}.Debug|Any CPU.Build.0 = Debug|Any CPU
		{15AF843C-2776-4681-9D9C-8F8F2E78D517}.Release|Any CPU.ActiveCfg = Release|Any CPU
		{15AF843C-2776-4681-9D9C-8F8F2E78D517}.Release|Any CPU.Build.0 = Release|Any CPU
		{67BC37F9-39DC-4555-ADC0-65198605EFE0}.Debug|Any CPU.ActiveCfg = Debug|Any CPU
		{67BC37F9-39DC-4555-ADC0-65198605EFE0}.Debug|Any CPU.Build.0 = Debug|Any CPU
		{67BC37F9-39DC-4555-ADC0-65198605EFE0}.Release|Any CPU.ActiveCfg = Release|Any CPU
		{67BC37F9-39DC-4555-ADC0-65198605EFE0}.Release|Any CPU.Build.0 = Release|Any CPU
		{8937C8C5-12E3-4246-951F-D22B24941F2A}.Debug|Any CPU.ActiveCfg = Debug|Any CPU
		{8937C8C5-12E3-4246-951F-D22B24941F2A}.Debug|Any CPU.Build.0 = Debug|Any CPU
		{8937C8C5-12E3-4246-951F-D22B24941F2A}.Release|Any CPU.ActiveCfg = Release|Any CPU
		{8937C8C5-12E3-4246-951F-D22B24941F2A}.Release|Any CPU.Build.0 = Release|Any CPU
		{6C09094D-7CCA-4DCF-A258-1BB07BF2D1C4}.Debug|Any CPU.ActiveCfg = Debug|Any CPU
		{6C09094D-7CCA-4DCF-A258-1BB07BF2D1C4}.Debug|Any CPU.Build.0 = Debug|Any CPU
		{6C09094D-7CCA-4DCF-A258-1BB07BF2D1C4}.Release|Any CPU.ActiveCfg = Release|Any CPU
		{6C09094D-7CCA-4DCF-A258-1BB07BF2D1C4}.Release|Any CPU.Build.0 = Release|Any CPU
	EndGlobalSection
	GlobalSection(SolutionProperties) = preSolution
		HideSolutionNode = FALSE
	EndGlobalSection
	GlobalSection(ExtensibilityGlobals) = postSolution
		SolutionGuid = {FEEBC78B-7A84-4E91-B3D3-126E07C72786}
	EndGlobalSection
EndGlobal
